{
  "name": "mono-sashi-promo-video",
  "lockfileVersion": 3,
  "requires": true,
  "packages": {
    "": {
      "name": "mono-sashi-promo-video",
      "dependencies": {
        "@fontsource/jetbrains-mono": "5.2.5",
        "@fontsource/manrope": "5.2.5",
        "three": "0.170.0"
      }
    },
    "node_modules/@fontsource/jetbrains-mono": {
      "version": "5.2.5",
      "resolved": "https://registry.npmjs.org/@fontsource/jetbrains-mono/-/jetbrains-mono-5.2.5.tgz",
      "integrity": "sha512-TPZ9b/uq38RMdrlZZkl0RwN8Ju9JxuqMETrw76pUQFbGtE1QbwQaNsLlnUrACNNBNbd0NZRXiJJSkC8ajPgbew==",
      "license": "OFL-1.1",
      "funding": {
        "url": "https://github.com/sponsors/ayuhito"
      }
    },
    "node_modules/@fontsource/manrope": {
      "version": "5.2.5",
      "resolved": "https://registry.npmjs.org/@fontsource/manrope/-/manrope-5.2.5.tgz",
      "integrity": "sha512-4mYUAhsuF8KoXseG8T9woWUc/foznUVluFtE6fCKAqe76WM3kmDNedaINWjzWB73+wly0duFvVpDBma3NXXT0g==",
      "license": "OFL-1.1",
      "funding": {
        "url": "https://github.com/sponsors/ayuhito"
      }
    },
    "node_modules/three": {
      "version": "0.170.0",
      "resolved": "https://registry.npmjs.org/three/-/three-0.170.0.tgz",
      "integrity": "sha512-FQK+LEpYc0fBD+J8g6oSEyyNzjp+Q7Ks1C568WWaoMRLW+TkNNWmenWeGgJjV105Gd+p/2ql1ZcjYvNiPZBhuQ==",
      "license": "MIT"
    }
  }
}
